
Microsoft Visual Studio Solution File, Format Version 12.00
# Visual Studio Version 17
VisualStudioVersion = 17.13.35913.81 d17.13
MinimumVisualStudioVersion = 10.0.40219.1
Project("{FAE04EC0-301F-11D3-BF4B-00C04F79EFBC}") = "1stLineNotes", "1stLineNotes\1stLineNotes.csproj", "{F120C562-A8F0-47B7-9048-652B4B732FCF}"
EndProject
Global
	GlobalSection(SolutionConfigurationPlatforms) = preSolution
		Debug|Any CPU = Debug|Any CPU
		Release|Any CPU = Release|Any CPU
	EndGlobalSection
	GlobalSection(ProjectConfigurationPlatforms) = postSolution
		{F120C562-A8F0-47B7-9048-652B4B732FCF}.Debug|Any CPU.ActiveCfg = Debug|Any CPU
		{F120C562-A8F0-47B7-9048-652B4B732FCF}.Debug|Any CPU.Build.0 = Debug|Any CPU
		{F120C562-A8F0-47B7-9048-652B4B732FCF}.Release|Any CPU.ActiveCfg = Release|Any CPU
		{F120C562-A8F0-47B7-9048-652B4B732FCF}.Release|Any CPU.Build.0 = Release|Any CPU
	EndGlobalSection
	GlobalSection(SolutionProperties) = preSolution
		HideSolutionNode = FALSE
	EndGlobalSection
	GlobalSection(ExtensibilityGlobals) = postSolution
		SolutionGuid = {A5602B43-8CAA-43D2-8605-82042CDC01F2}
	EndGlobalSection
EndGlobal
